{
  "name": "npm-audit-example",
  "version": "1.0.0",
  "lockfileVersion": 3,
  "requires": true,
  "packages": {
    "": {
      "name": "npm-audit-example",
      "version": "1.0.0",
      "license": "MIT",
      "devDependencies": {
        "light-cycle": "^1.4.3"
      }
    },
    "node_modules/cuint": {
      "version": "0.2.2",
      "resolved": "https://registry.npmjs.org/cuint/-/cuint-0.2.2.tgz",
      "integrity": "sha512-d4ZVpCW31eWwCMe1YT3ur7mUDnTXbgwyzaL320DrcRT45rfjYxkt5QWLrmOJ+/UEAI2+fQgKe/fCjR8l4TpRgw==",
      "dev": true
    },
    "node_modules/light-cycle": {
      "version": "1.4.3",
      "resolved": "https://registry.npmjs.org/light-cycle/-/light-cycle-1.4.3.tgz",
      "integrity": "sha512-sFcuivsDZ99fY0TbvuRC6CDXB8r/ylafjJAMnbSF0y4EMM1/1DtQo40G2WKz1rBbyiz4SLAc3Wa6yZyC4XSGOQ==",
      "dev": true,
      "dependencies": {
        "skiplist": "~1.0.0",
        "xxhashjs": "~0.2.2"
      }
    },
    "node_modules/skiplist": {
      "version": "1.0.1",
      "resolved": "https://registry.npmjs.org/skiplist/-/skiplist-1.0.1.tgz",
      "integrity": "sha512-jUjxiS8prGuvN1XhgQ9ehY4oxKqyKF7vHAxGDH/QhAy459x6BvAxyaK8d5BRTyopbH/zfvXKou04wPtAKIb2JQ==",
      "dev": true
    },
    "node_modules/xxhashjs": {
      "version": "0.2.2",
      "resolved": "https://registry.npmjs.org/xxhashjs/-/xxhashjs-0.2.2.tgz",
      "integrity": "sha512-AkTuIuVTET12tpsVIQo+ZU6f/qDmKuRUcjaqR+OIvm+aCBsZ95i7UVY5WJ9TMsSaZ0DA2WxoZ4acu0sPH+OKAw==",
      "dev": true,
      "dependencies": {
        "cuint": "^0.2.2"
      }
    }
  }
}
